
Microsoft Visual Studio Solution File, Format Version 12.00
# Visual Studio Version 17
VisualStudioVersion = 17.2.32616.157
MinimumVisualStudioVersion = 10.0.40219.1
Project("{FAE04EC0-301F-11D3-BF4B-00C04F79EFBC}") = "IntroMVC", "IntroMVC\IntroMVC.csproj", "{DDFEB81D-7285-4812-AC95-1BA39BAEBA95}"
EndProject
Global
	GlobalSection(SolutionConfigurationPlatforms) = preSolution
		Debug|Any CPU = Debug|Any CPU
		Release|Any CPU = Release|Any CPU
	EndGlobalSection
	GlobalSection(ProjectConfigurationPlatforms) = postSolution
		{DDFEB81D-7285-4812-AC95-1BA39BAEBA95}.Debug|Any CPU.ActiveCfg = Debug|Any CPU
		{DDFEB81D-7285-4812-AC95-1BA39BAEBA95}.Debug|Any CPU.Build.0 = Debug|Any CPU
		{DDFEB81D-7285-4812-AC95-1BA39BAEBA95}.Release|Any CPU.ActiveCfg = Release|Any CPU
		{DDFEB81D-7285-4812-AC95-1BA39BAEBA95}.Release|Any CPU.Build.0 = Release|Any CPU
	EndGlobalSection
	GlobalSection(SolutionProperties) = preSolution
		HideSolutionNode = FALSE
	EndGlobalSection
	GlobalSection(ExtensibilityGlobals) = postSolution
		SolutionGuid = {43C0E87E-CE9E-4047-9B87-6E752DBD13E7}
	EndGlobalSection
EndGlobal
