
Microsoft Visual Studio Solution File, Format Version 12.00
# Visual Studio Version 17
VisualStudioVersion = 17.2.32616.157
MinimumVisualStudioVersion = 10.0.40219.1
Project("{FAE04EC0-301F-11D3-BF4B-00C04F79EFBC}") = "DataPassingLayouts", "DataPassingLayouts\DataPassingLayouts.csproj", "{A3351AA1-D70B-4B7B-9864-615EF5D7B7F8}"
EndProject
Global
	GlobalSection(SolutionConfigurationPlatforms) = preSolution
		Debug|Any CPU = Debug|Any CPU
		Release|Any CPU = Release|Any CPU
	EndGlobalSection
	GlobalSection(ProjectConfigurationPlatforms) = postSolution
		{A3351AA1-D70B-4B7B-9864-615EF5D7B7F8}.Debug|Any CPU.ActiveCfg = Debug|Any CPU
		{A3351AA1-D70B-4B7B-9864-615EF5D7B7F8}.Debug|Any CPU.Build.0 = Debug|Any CPU
		{A3351AA1-D70B-4B7B-9864-615EF5D7B7F8}.Release|Any CPU.ActiveCfg = Release|Any CPU
		{A3351AA1-D70B-4B7B-9864-615EF5D7B7F8}.Release|Any CPU.Build.0 = Release|Any CPU
	EndGlobalSection
	GlobalSection(SolutionProperties) = preSolution
		HideSolutionNode = FALSE
	EndGlobalSection
	GlobalSection(ExtensibilityGlobals) = postSolution
		SolutionGuid = {2AE93B90-285D-487B-8A18-5C2B5412B9FA}
	EndGlobalSection
EndGlobal
