
Microsoft Visual Studio Solution File, Format Version 12.00
# Visual Studio Version 17
VisualStudioVersion = 17.2.32616.157
MinimumVisualStudioVersion = 10.0.40219.1
Project("{FAE04EC0-301F-11D3-BF4B-00C04F79EFBC}") = "LINQ", "LINQ\LINQ.csproj", "{07FB430A-D205-4270-BC10-4180AB537930}"
EndProject
Global
	GlobalSection(SolutionConfigurationPlatforms) = preSolution
		Debug|Any CPU = Debug|Any CPU
		Release|Any CPU = Release|Any CPU
	EndGlobalSection
	GlobalSection(ProjectConfigurationPlatforms) = postSolution
		{07FB430A-D205-4270-BC10-4180AB537930}.Debug|Any CPU.ActiveCfg = Debug|Any CPU
		{07FB430A-D205-4270-BC10-4180AB537930}.Debug|Any CPU.Build.0 = Debug|Any CPU
		{07FB430A-D205-4270-BC10-4180AB537930}.Release|Any CPU.ActiveCfg = Release|Any CPU
		{07FB430A-D205-4270-BC10-4180AB537930}.Release|Any CPU.Build.0 = Release|Any CPU
	EndGlobalSection
	GlobalSection(SolutionProperties) = preSolution
		HideSolutionNode = FALSE
	EndGlobalSection
	GlobalSection(ExtensibilityGlobals) = postSolution
		SolutionGuid = {E907F5A0-7135-4E62-A0D1-4452A08D5A0C}
	EndGlobalSection
EndGlobal
