
Microsoft Visual Studio Solution File, Format Version 12.00
# Visual Studio Version 17
VisualStudioVersion = 17.2.32616.157
MinimumVisualStudioVersion = 10.0.40219.1
Project("{FAE04EC0-301F-11D3-BF4B-00C04F79EFBC}") = "EFCodeFirst", "EFCodeFirst\EFCodeFirst.csproj", "{92093AC6-5051-48E2-A81A-A33A60329B7D}"
EndProject
Global
	GlobalSection(SolutionConfigurationPlatforms) = preSolution
		Debug|Any CPU = Debug|Any CPU
		Release|Any CPU = Release|Any CPU
	EndGlobalSection
	GlobalSection(ProjectConfigurationPlatforms) = postSolution
		{92093AC6-5051-48E2-A81A-A33A60329B7D}.Debug|Any CPU.ActiveCfg = Debug|Any CPU
		{92093AC6-5051-48E2-A81A-A33A60329B7D}.Debug|Any CPU.Build.0 = Debug|Any CPU
		{92093AC6-5051-48E2-A81A-A33A60329B7D}.Release|Any CPU.ActiveCfg = Release|Any CPU
		{92093AC6-5051-48E2-A81A-A33A60329B7D}.Release|Any CPU.Build.0 = Release|Any CPU
	EndGlobalSection
	GlobalSection(SolutionProperties) = preSolution
		HideSolutionNode = FALSE
	EndGlobalSection
	GlobalSection(ExtensibilityGlobals) = postSolution
		SolutionGuid = {2336463A-EBBC-4941-8800-00D6EE93A622}
	EndGlobalSection
EndGlobal
